{
  "name": "modpacks.ch",
  "version": "1.1.0",
  "lockfileVersion": 1,
  "requires": true,
  "dependencies": {
    "node-fetch": {
      "version": "2.6.1",
      "resolved": "https://registry.npmjs.org/node-fetch/-/node-fetch-2.6.1.tgz",
      "integrity": "sha512-V4aYg89jEoVRxRb2fJdAg8FHvI7cEyYdVAh94HH0UIK8oJxUfkjlDQN9RbMx+bEjP7+ggMiFRprSti032Oipxw=="
    },
    "node-fetch-retry": {
      "version": "1.1.1",
      "resolved": "https://registry.npmjs.org/node-fetch-retry/-/node-fetch-retry-1.1.1.tgz",
      "integrity": "sha512-9/HnBfDx/kI4amxaTLeHFDCLX7XZd745TVUPwkS5Uqsdw7usgQiZcQVatsm/8KNeP8xo6gM5aImQwGlEcExsSw==",
      "requires": {
        "node-fetch": "^2.6.1"
      }
    }
  }
}
