{
  "name": "modpacks.ch",
  "version": "1.1.0",
  "lockfileVersion": 1,
  "requires": true,
  "dependencies": {
    "node-fetch": {
      "version": "2.6.1",
      "resolved": "https://registry.npmjs.org/node-fetch/-/node-fetch-2.6.1.tgz",
      "integrity": "sha512-V4aYg89jEoVRxRb2fJdAg8FHvI7cEyYdVAh94HH0UIK8oJxUfkjlDQN9RbMx+bEjP7+ggMiFRprSti032Oipxw=="
    },
    "node-fetch-retry": {
      "version": "1.0.1",
      "resolved": "https://registry.npmjs.org/node-fetch-retry/-/node-fetch-retry-1.0.1.tgz",
      "integrity": "sha512-w0GSgCUEMShs9vfXo8dWhrx/WEGgIGtJANQYPlKjejPH4WudNaluL8hvHN5dH+d2yrPMU+/0PMro9FVUjEIKtg==",
      "requires": {
        "node-fetch": "^2.2.0"
      }
    }
  }
}
